PODS:
  - Alamofire (4.0.1)
  - Charts (3.0.0):
    - Charts/Core (= 3.0.0)
  - Charts/Core (3.0.0)
  - SwiftKeychainWrapper (3.0.1)

DEPENDENCIES:
  - Alamofire (~> 4.0)
  - Charts
  - SwiftKeychainWrapper (from `https://github.com/jrendel/SwiftKeychainWrapper.git`)

EXTERNAL SOURCES:
  SwiftKeychainWrapper:
    :git: https://github.com/jrendel/SwiftKeychainWrapper.git

CHECKOUT OPTIONS:
  SwiftKeychainWrapper:
    :commit: f089a6c30cf0c578a8a52476414f1b3b22869120
    :git: https://github.com/jrendel/SwiftKeychainWrapper.git

SPEC CHECKSUMS:
  Alamofire: 7682d43245de14874acd142ec137b144aa1dd335
  Charts: beb341928d2135613b4325a6c6aff9f2f6de895e
  SwiftKeychainWrapper: e353c2d5ac22e72ff7c1dc3b1de1f0e7341ba030

PODFILE CHECKSUM: d4ad593a2284f068a208761ad604b608fb3499d0

COCOAPODS: 1.1.1
