PODS:
  - Alamofire (4.0.1)
  - BadgeSwift (5.0.1)
  - Charts (3.0.0):
    - Charts/Core (= 3.0.0)
  - Charts/Core (3.0.0)
  - SwiftKeychainWrapper (3.0.1)

DEPENDENCIES:
  - Alamofire (~> 4.0)
  - BadgeSwift (~> 5.0)
  - Charts
  - SwiftKeychainWrapper (from `https://github.com/jrendel/SwiftKeychainWrapper.git`)

EXTERNAL SOURCES:
  SwiftKeychainWrapper:
    :git: https://github.com/jrendel/SwiftKeychainWrapper.git

CHECKOUT OPTIONS:
  SwiftKeychainWrapper:
    :commit: f089a6c30cf0c578a8a52476414f1b3b22869120
    :git: https://github.com/jrendel/SwiftKeychainWrapper.git

SPEC CHECKSUMS:
  Alamofire: 7682d43245de14874acd142ec137b144aa1dd335
  BadgeSwift: 3defa56f504bfb46f2300122c4a565ec9e405c1e
  Charts: beb341928d2135613b4325a6c6aff9f2f6de895e
  SwiftKeychainWrapper: e353c2d5ac22e72ff7c1dc3b1de1f0e7341ba030

PODFILE CHECKSUM: 353ef1ca6e9765069f9b12299fea30ced2fa11ef

COCOAPODS: 1.3.1
