// !$*UTF8*$!
{
	archiveVersion = 1;
	classes = {
	};
	objectVersion = 46;
	objects = {

/* Begin PBXBuildFile section */
		4112F15C1E822BF500373351 /* XAxisFormatter.swift in Sources */ = {isa = PBXBuildFile; fileRef = 4112F15B1E822BF400373351 /* XAxisFormatter.swift */; };
		4128F7BA1EC15EB40015097C /* EditNoteViewController.swift in Sources */ = {isa = PBXBuildFile; fileRef = 4128F7B91EC15EB40015097C /* EditNoteViewController.swift */; };
		4128F7C51EC3C8E50015097C /* UserNotifications.framework in Frameworks */ = {isa = PBXBuildFile; fileRef = 4128F7C41EC3C8E50015097C /* UserNotifications.framework */; };
		41399F891E5D70C4000D82B8 /* DataManager.swift in Sources */ = {isa = PBXBuildFile; fileRef = 41399F881E5D70C4000D82B8 /* DataManager.swift */; };
		41399F901E5D8B93000D82B8 /* AvailabilityController.swift in Sources */ = {isa = PBXBuildFile; fileRef = 41399F8E1E5D8B93000D82B8 /* AvailabilityController.swift */; };
		41399F941E5D8BB6000D82B8 /* TableViewCell.swift in Sources */ = {isa = PBXBuildFile; fileRef = 41399F921E5D8BB6000D82B8 /* TableViewCell.swift */; };
		41399F991E5D92F1000D82B8 /* DotView.swift in Sources */ = {isa = PBXBuildFile; fileRef = 41399F981E5D92F1000D82B8 /* DotView.swift */; };
		4184E0981E77808200304630 /* AgileCollectionViewCell.swift in Sources */ = {isa = PBXBuildFile; fileRef = 4184E0961E77808200304630 /* AgileCollectionViewCell.swift */; };
		4184E09B1E77819900304630 /* AgileViewController.swift in Sources */ = {isa = PBXBuildFile; fileRef = 4184E09A1E77819900304630 /* AgileViewController.swift */; };
		41891ADE1EBFC69C00CACF06 /* NotesViewController.swift in Sources */ = {isa = PBXBuildFile; fileRef = 41891ADD1EBFC69C00CACF06 /* NotesViewController.swift */; };
		41891AE11EBFCA8A00CACF06 /* NotesCollectionViewCell.swift in Sources */ = {isa = PBXBuildFile; fileRef = 41891ADF1EBFCA8A00CACF06 /* NotesCollectionViewCell.swift */; };
		41A989391E7CD7C200778E77 /* AvailabilityChartView.swift in Sources */ = {isa = PBXBuildFile; fileRef = 41A989381E7CD7C200778E77 /* AvailabilityChartView.swift */; };
		41B61AD91EE0FD56008865FF /* CustomTabBarController.swift in Sources */ = {isa = PBXBuildFile; fileRef = 41B61AD81EE0FD56008865FF /* CustomTabBarController.swift */; };
		41B926DD1E70C3F900A537DE /* LogViewController.swift in Sources */ = {isa = PBXBuildFile; fileRef = 41B926DC1E70C3F900A537DE /* LogViewController.swift */; };
		41B926EF1E70E3BB00A537DE /* LogViewCell.swift in Sources */ = {isa = PBXBuildFile; fileRef = 41B926ED1E70E3BB00A537DE /* LogViewCell.swift */; };
		41D952F41ECCF65E0097587E /* CreateAgileViewController.swift in Sources */ = {isa = PBXBuildFile; fileRef = 41D952F31ECCF65E0097587E /* CreateAgileViewController.swift */; };
		41D953101ECCFBC80097587E /* MemberTableViewCell.swift in Sources */ = {isa = PBXBuildFile; fileRef = 41D9530E1ECCFBC80097587E /* MemberTableViewCell.swift */; };
		41D953131ECF627E0097587E /* ProfTableViewCell.swift in Sources */ = {isa = PBXBuildFile; fileRef = 41D953121ECF627E0097587E /* ProfTableViewCell.swift */; };
		41D953151ED260550097587E /* UpdateAgileViewController.swift in Sources */ = {isa = PBXBuildFile; fileRef = 41D953141ED260550097587E /* UpdateAgileViewController.swift */; };
		41D953181ED26B9A0097587E /* UpdateTableViewCell.swift in Sources */ = {isa = PBXBuildFile; fileRef = 41D953161ED26B9A0097587E /* UpdateTableViewCell.swift */; };
		41EEF5B71E384217001DB052 /* AppDelegate.swift in Sources */ = {isa = PBXBuildFile; fileRef = 41EEF5B61E384217001DB052 /* AppDelegate.swift */; };
		41EEF5B91E384217001DB052 /* LoginViewController.swift in Sources */ = {isa = PBXBuildFile; fileRef = 41EEF5B81E384217001DB052 /* LoginViewController.swift */; };
		41EEF5BC1E384217001DB052 /* Main.storyboard in Resources */ = {isa = PBXBuildFile; fileRef = 41EEF5BA1E384217001DB052 /* Main.storyboard */; };
		41EEF5BE1E384217001DB052 /* Assets.xcassets in Resources */ = {isa = PBXBuildFile; fileRef = 41EEF5BD1E384217001DB052 /* Assets.xcassets */; };
		41EEF5C11E384217001DB052 /* LaunchScreen.storyboard in Resources */ = {isa = PBXBuildFile; fileRef = 41EEF5BF1E384217001DB052 /* LaunchScreen.storyboard */; };
		41EEF5C91E3C4F34001DB052 /* Default-568h@2x.png in Resources */ = {isa = PBXBuildFile; fileRef = 41EEF5C81E3C4F34001DB052 /* Default-568h@2x.png */; };
		820CC7AB201D3A67001830EF /* SWRevealViewController.m in Sources */ = {isa = PBXBuildFile; fileRef = 820CC7AA201D3A67001830EF /* SWRevealViewController.m */; };
		820CC7AE201D4B55001830EF /* SideViewController.swift in Sources */ = {isa = PBXBuildFile; fileRef = 820CC7AD201D4B55001830EF /* SideViewController.swift */; };
		820CC7B0201E6D9A001830EF /* AddAstViewController.swift in Sources */ = {isa = PBXBuildFile; fileRef = 820CC7AF201E6D9A001830EF /* AddAstViewController.swift */; };
		820CC7B2201E75EB001830EF /* AstTableViewCell.swift in Sources */ = {isa = PBXBuildFile; fileRef = 820CC7B1201E75EB001830EF /* AstTableViewCell.swift */; };
		82AD975B1F6F8BB30043A00B /* DesignableX in Resources */ = {isa = PBXBuildFile; fileRef = 82AD975A1F6F8BB30043A00B /* DesignableX */; };
		82BECABB1F88259A00DF8246 /* RegistrationViewController.swift in Sources */ = {isa = PBXBuildFile; fileRef = 82BECABA1F88259A00DF8246 /* RegistrationViewController.swift */; };
		82E874CB202E4A5E00E2E5C4 /* UIViewXRadialGradient.swift in Sources */ = {isa = PBXBuildFile; fileRef = 82E874C1202E4A5E00E2E5C4 /* UIViewXRadialGradient.swift */; };
		82E874CC202E4A5E00E2E5C4 /* UITextFieldX.swift in Sources */ = {isa = PBXBuildFile; fileRef = 82E874C2202E4A5E00E2E5C4 /* UITextFieldX.swift */; };
		82E874CD202E4A5E00E2E5C4 /* UIButtonX.swift in Sources */ = {isa = PBXBuildFile; fileRef = 82E874C3202E4A5E00E2E5C4 /* UIButtonX.swift */; };
		82E874CE202E4A5E00E2E5C4 /* UILabelX.swift in Sources */ = {isa = PBXBuildFile; fileRef = 82E874C4202E4A5E00E2E5C4 /* UILabelX.swift */; };
		82E874CF202E4A5E00E2E5C4 /* UIViewAnchorPoint.swift in Sources */ = {isa = PBXBuildFile; fileRef = 82E874C5202E4A5E00E2E5C4 /* UIViewAnchorPoint.swift */; };
		82E874D0202E4A5E00E2E5C4 /* UIViewControllerX.swift in Sources */ = {isa = PBXBuildFile; fileRef = 82E874C6202E4A5E00E2E5C4 /* UIViewControllerX.swift */; };
		82E874D1202E4A5E00E2E5C4 /* UIImageViewX.swift in Sources */ = {isa = PBXBuildFile; fileRef = 82E874C7202E4A5E00E2E5C4 /* UIImageViewX.swift */; };
		82E874D2202E4A5E00E2E5C4 /* UIViewX.swift in Sources */ = {isa = PBXBuildFile; fileRef = 82E874C8202E4A5E00E2E5C4 /* UIViewX.swift */; };
		82E874D3202E4A5E00E2E5C4 /* UIVisualEffectViewX.swift in Sources */ = {isa = PBXBuildFile; fileRef = 82E874C9202E4A5E00E2E5C4 /* UIVisualEffectViewX.swift */; };
		82E874D4202E4A5E00E2E5C4 /* UISliderX.swift in Sources */ = {isa = PBXBuildFile; fileRef = 82E874CA202E4A5E00E2E5C4 /* UISliderX.swift */; };
		82E8AE95203246640053AE0B /* EditProfileViewController.swift in Sources */ = {isa = PBXBuildFile; fileRef = 82E8AE94203246640053AE0B /* EditProfileViewController.swift */; };
		82E8AE97203359C40053AE0B /* ConfigAssistantsViewController.swift in Sources */ = {isa = PBXBuildFile; fileRef = 82E8AE96203359C40053AE0B /* ConfigAssistantsViewController.swift */; };
		82E8AE992033C9CE0053AE0B /* ConfigTableViewCell.swift in Sources */ = {isa = PBXBuildFile; fileRef = 82E8AE982033C9CE0053AE0B /* ConfigTableViewCell.swift */; };
		EFE867FD38DD9271AD62A05F /* Pods_TLab.framework in Frameworks */ = {isa = PBXBuildFile; fileRef = DBE2B1313204D69E52A0F763 /* Pods_TLab.framework */; };
/* End PBXBuildFile section */

/* Begin PBXFileReference section */
		219E69AE9B1331AEC3DDB688 /* Pods-TLab.debug.xcconfig */ = {isa = PBXFileReference; includeInIndex = 1; lastKnownFileType = text.xcconfig; name = "Pods-TLab.debug.xcconfig"; path = "Pods/Target Support Files/Pods-TLab/Pods-TLab.debug.xcconfig"; sourceTree = "<group>"; };
		4112F15B1E822BF400373351 /* XAxisFormatter.swift */ = {isa = PBXFileReference; fileEncoding = 4; lastKnownFileType = sourcecode.swift; path = XAxisFormatter.swift; sourceTree = "<group>"; };
		4128F7B91EC15EB40015097C /* EditNoteViewController.swift */ = {isa = PBXFileReference; fileEncoding = 4; lastKnownFileType = sourcecode.swift; path = EditNoteViewController.swift; sourceTree = "<group>"; };
		4128F7C41EC3C8E50015097C /* UserNotifications.framework */ = {isa = PBXFileReference; lastKnownFileType = wrapper.framework; name = UserNotifications.framework; path = System/Library/Frameworks/UserNotifications.framework; sourceTree = SDKROOT; };
		41399F881E5D70C4000D82B8 /* DataManager.swift */ = {isa = PBXFileReference; fileEncoding = 4; lastKnownFileType = sourcecode.swift; path = DataManager.swift; sourceTree = "<group>"; };
		41399F8E1E5D8B93000D82B8 /* AvailabilityController.swift */ = {isa = PBXFileReference; fileEncoding = 4; lastKnownFileType = sourcecode.swift; path = AvailabilityController.swift; sourceTree = "<group>"; };
		41399F921E5D8BB6000D82B8 /* TableViewCell.swift */ = {isa = PBXFileReference; fileEncoding = 4; lastKnownFileType = sourcecode.swift; path = TableViewCell.swift; sourceTree = "<group>"; };
		41399F981E5D92F1000D82B8 /* DotView.swift */ = {isa = PBXFileReference; fileEncoding = 4; lastKnownFileType = sourcecode.swift; path = DotView.swift; sourceTree = "<group>"; };
		4184E0961E77808200304630 /* AgileCollectionViewCell.swift */ = {isa = PBXFileReference; fileEncoding = 4; lastKnownFileType = sourcecode.swift; path = AgileCollectionViewCell.swift; sourceTree = "<group>"; };
		4184E09A1E77819900304630 /* AgileViewController.swift */ = {isa = PBXFileReference; fileEncoding = 4; lastKnownFileType = sourcecode.swift; path = AgileViewController.swift; sourceTree = "<group>"; };
		41891ADD1EBFC69C00CACF06 /* NotesViewController.swift */ = {isa = PBXFileReference; fileEncoding = 4; lastKnownFileType = sourcecode.swift; path = NotesViewController.swift; sourceTree = "<group>"; };
		41891ADF1EBFCA8A00CACF06 /* NotesCollectionViewCell.swift */ = {isa = PBXFileReference; fileEncoding = 4; lastKnownFileType = sourcecode.swift; path = NotesCollectionViewCell.swift; sourceTree = "<group>"; };
		41A989381E7CD7C200778E77 /* AvailabilityChartView.swift */ = {isa = PBXFileReference; fileEncoding = 4; lastKnownFileType = sourcecode.swift; path = AvailabilityChartView.swift; sourceTree = "<group>"; };
		41B61AD81EE0FD56008865FF /* CustomTabBarController.swift */ = {isa = PBXFileReference; fileEncoding = 4; lastKnownFileType = sourcecode.swift; path = CustomTabBarController.swift; sourceTree = "<group>"; };
		41B926D81E6E610400A537DE /* RLab.entitlements */ = {isa = PBXFileReference; lastKnownFileType = text.plist.entitlements; path = RLab.entitlements; sourceTree = "<group>"; };
		41B926DC1E70C3F900A537DE /* LogViewController.swift */ = {isa = PBXFileReference; fileEncoding = 4; lastKnownFileType = sourcecode.swift; path = LogViewController.swift; sourceTree = "<group>"; };
		41B926ED1E70E3BB00A537DE /* LogViewCell.swift */ = {isa = PBXFileReference; fileEncoding = 4; lastKnownFileType = sourcecode.swift; path = LogViewCell.swift; sourceTree = "<group>"; };
		41D952F31ECCF65E0097587E /* CreateAgileViewController.swift */ = {isa = PBXFileReference; fileEncoding = 4; lastKnownFileType = sourcecode.swift; path = CreateAgileViewController.swift; sourceTree = "<group>"; };
		41D9530E1ECCFBC80097587E /* MemberTableViewCell.swift */ = {isa = PBXFileReference; fileEncoding = 4; lastKnownFileType = sourcecode.swift; path = MemberTableViewCell.swift; sourceTree = "<group>"; };
		41D953121ECF627E0097587E /* ProfTableViewCell.swift */ = {isa = PBXFileReference; fileEncoding = 4; lastKnownFileType = sourcecode.swift; path = ProfTableViewCell.swift; sourceTree = "<group>"; };
		41D953141ED260550097587E /* UpdateAgileViewController.swift */ = {isa = PBXFileReference; fileEncoding = 4; lastKnownFileType = sourcecode.swift; path = UpdateAgileViewController.swift; sourceTree = "<group>"; };
		41D953161ED26B9A0097587E /* UpdateTableViewCell.swift */ = {isa = PBXFileReference; fileEncoding = 4; lastKnownFileType = sourcecode.swift; path = UpdateTableViewCell.swift; sourceTree = "<group>"; };
		41EEF5B31E384217001DB052 /* TLab.app */ = {isa = PBXFileReference; explicitFileType = wrapper.application; includeInIndex = 0; path = TLab.app; sourceTree = BUILT_PRODUCTS_DIR; };
		41EEF5B61E384217001DB052 /* AppDelegate.swift */ = {isa = PBXFileReference; lastKnownFileType = sourcecode.swift; path = AppDelegate.swift; sourceTree = "<group>"; };
		41EEF5B81E384217001DB052 /* LoginViewController.swift */ = {isa = PBXFileReference; lastKnownFileType = sourcecode.swift; path = LoginViewController.swift; sourceTree = "<group>"; };
		41EEF5BB1E384217001DB052 /* Base */ = {isa = PBXFileReference; lastKnownFileType = file.storyboard; name = Base; path = Base.lproj/Main.storyboard; sourceTree = "<group>"; };
		41EEF5BD1E384217001DB052 /* Assets.xcassets */ = {isa = PBXFileReference; lastKnownFileType = folder.assetcatalog; path = Assets.xcassets; sourceTree = "<group>"; };
		41EEF5C01E384217001DB052 /* Base */ = {isa = PBXFileReference; lastKnownFileType = file.storyboard; name = Base; path = Base.lproj/LaunchScreen.storyboard; sourceTree = "<group>"; };
		41EEF5C21E384217001DB052 /* Info.plist */ = {isa = PBXFileReference; lastKnownFileType = text.plist.xml; path = Info.plist; sourceTree = "<group>"; };
		41EEF5C81E3C4F34001DB052 /* Default-568h@2x.png */ = {isa = PBXFileReference; lastKnownFileType = image.png; path = "Default-568h@2x.png"; sourceTree = "<group>"; };
		820CC7A8201D3A66001830EF /* TLab-Bridging-Header.h */ = {isa = PBXFileReference; lastKnownFileType = sourcecode.c.h; path = "TLab-Bridging-Header.h"; sourceTree = "<group>"; };
		820CC7A9201D3A67001830EF /* SWRevealViewController.h */ = {isa = PBXFileReference; fileEncoding = 4; lastKnownFileType = sourcecode.c.h; path = SWRevealViewController.h; sourceTree = "<group>"; };
		820CC7AA201D3A67001830EF /* SWRevealViewController.m */ = {isa = PBXFileReference; fileEncoding = 4; lastKnownFileType = sourcecode.c.objc; path = SWRevealViewController.m; sourceTree = "<group>"; };
		820CC7AD201D4B55001830EF /* SideViewController.swift */ = {isa = PBXFileReference; fileEncoding = 4; lastKnownFileType = sourcecode.swift; path = SideViewController.swift; sourceTree = "<group>"; };
		820CC7AF201E6D9A001830EF /* AddAstViewController.swift */ = {isa = PBXFileReference; fileEncoding = 4; lastKnownFileType = sourcecode.swift; path = AddAstViewController.swift; sourceTree = "<group>"; };
		820CC7B1201E75EB001830EF /* AstTableViewCell.swift */ = {isa = PBXFileReference; fileEncoding = 4; lastKnownFileType = sourcecode.swift; path = AstTableViewCell.swift; sourceTree = "<group>"; };
		827977D31FEC688500B8D49B /* Alamofire.framework */ = {isa = PBXFileReference; explicitFileType = wrapper.framework; path = Alamofire.framework; sourceTree = BUILT_PRODUCTS_DIR; };
		82AD975A1F6F8BB30043A00B /* DesignableX */ = {isa = PBXFileReference; lastKnownFileType = folder; name = DesignableX; path = "../packages/DesignableX-master/DesignableXTesting/DesignableXTesting/DesignableX"; sourceTree = "<group>"; };
		82BECABA1F88259A00DF8246 /* RegistrationViewController.swift */ = {isa = PBXFileReference; fileEncoding = 4; lastKnownFileType = sourcecode.swift; path = RegistrationViewController.swift; sourceTree = "<group>"; };
		82E874C1202E4A5E00E2E5C4 /* UIViewXRadialGradient.swift */ = {isa = PBXFileReference; fileEncoding = 4; lastKnownFileType = sourcecode.swift; path = UIViewXRadialGradient.swift; sourceTree = "<group>"; };
		82E874C2202E4A5E00E2E5C4 /* UITextFieldX.swift */ = {isa = PBXFileReference; fileEncoding = 4; lastKnownFileType = sourcecode.swift; path = UITextFieldX.swift; sourceTree = "<group>"; };
		82E874C3202E4A5E00E2E5C4 /* UIButtonX.swift */ = {isa = PBXFileReference; fileEncoding = 4; lastKnownFileType = sourcecode.swift; path = UIButtonX.swift; sourceTree = "<group>"; };
		82E874C4202E4A5E00E2E5C4 /* UILabelX.swift */ = {isa = PBXFileReference; fileEncoding = 4; lastKnownFileType = sourcecode.swift; path = UILabelX.swift; sourceTree = "<group>"; };
		82E874C5202E4A5E00E2E5C4 /* UIViewAnchorPoint.swift */ = {isa = PBXFileReference; fileEncoding = 4; lastKnownFileType = sourcecode.swift; path = UIViewAnchorPoint.swift; sourceTree = "<group>"; };
		82E874C6202E4A5E00E2E5C4 /* UIViewControllerX.swift */ = {isa = PBXFileReference; fileEncoding = 4; lastKnownFileType = sourcecode.swift; path = UIViewControllerX.swift; sourceTree = "<group>"; };
		82E874C7202E4A5E00E2E5C4 /* UIImageViewX.swift */ = {isa = PBXFileReference; fileEncoding = 4; lastKnownFileType = sourcecode.swift; path = UIImageViewX.swift; sourceTree = "<group>"; };
		82E874C8202E4A5E00E2E5C4 /* UIViewX.swift */ = {isa = PBXFileReference; fileEncoding = 4; lastKnownFileType = sourcecode.swift; path = UIViewX.swift; sourceTree = "<group>"; };
		82E874C9202E4A5E00E2E5C4 /* UIVisualEffectViewX.swift */ = {isa = PBXFileReference; fileEncoding = 4; lastKnownFileType = sourcecode.swift; path = UIVisualEffectViewX.swift; sourceTree = "<group>"; };
		82E874CA202E4A5E00E2E5C4 /* UISliderX.swift */ = {isa = PBXFileReference; fileEncoding = 4; lastKnownFileType = sourcecode.swift; path = UISliderX.swift; sourceTree = "<group>"; };
		82E8AE94203246640053AE0B /* EditProfileViewController.swift */ = {isa = PBXFileReference; fileEncoding = 4; lastKnownFileType = sourcecode.swift; path = EditProfileViewController.swift; sourceTree = "<group>"; };
		82E8AE96203359C40053AE0B /* ConfigAssistantsViewController.swift */ = {isa = PBXFileReference; fileEncoding = 4; lastKnownFileType = sourcecode.swift; path = ConfigAssistantsViewController.swift; sourceTree = "<group>"; };
		82E8AE982033C9CE0053AE0B /* ConfigTableViewCell.swift */ = {isa = PBXFileReference; fileEncoding = 4; lastKnownFileType = sourcecode.swift; path = ConfigTableViewCell.swift; sourceTree = "<group>"; };
		DBE2B1313204D69E52A0F763 /* Pods_TLab.framework */ = {isa = PBXFileReference; explicitFileType = wrapper.framework; includeInIndex = 0; path = Pods_TLab.framework; sourceTree = BUILT_PRODUCTS_DIR; };
		DC0CBFB0C044DB76BE1DAD88 /* Pods-TLab.release.xcconfig */ = {isa = PBXFileReference; includeInIndex = 1; lastKnownFileType = text.xcconfig; name = "Pods-TLab.release.xcconfig"; path = "Pods/Target Support Files/Pods-TLab/Pods-TLab.release.xcconfig"; sourceTree = "<group>"; };
/* End PBXFileReference section */

/* Begin PBXFrameworksBuildPhase section */
		41EEF5B01E384217001DB052 /* Frameworks */ = {
			isa = PBXFrameworksBuildPhase;
			buildActionMask = 2147483647;
			files = (
				4128F7C51EC3C8E50015097C /* UserNotifications.framework in Frameworks */,
				EFE867FD38DD9271AD62A05F /* Pods_TLab.framework in Frameworks */,
			);
			runOnlyForDeploymentPostprocessing = 0;
		};
/* End PBXFrameworksBuildPhase section */

/* Begin PBXGroup section */
		4128F7C31EC3C8E40015097C /* Frameworks */ = {
			isa = PBXGroup;
			children = (
				4128F7C41EC3C8E50015097C /* UserNotifications.framework */,
				DBE2B1313204D69E52A0F763 /* Pods_TLab.framework */,
			);
			name = Frameworks;
			sourceTree = "<group>";
		};
		4184E0911E777D3900304630 /* Agile */ = {
			isa = PBXGroup;
			children = (
				4184E09A1E77819900304630 /* AgileViewController.swift */,
				4184E0961E77808200304630 /* AgileCollectionViewCell.swift */,
				41D952F31ECCF65E0097587E /* CreateAgileViewController.swift */,
				41D9530E1ECCFBC80097587E /* MemberTableViewCell.swift */,
				41D953121ECF627E0097587E /* ProfTableViewCell.swift */,
				41D953141ED260550097587E /* UpdateAgileViewController.swift */,
				41D953161ED26B9A0097587E /* UpdateTableViewCell.swift */,
			);
			name = Agile;
			sourceTree = "<group>";
		};
		41891AD21EBFBEC300CACF06 /* Notes */ = {
			isa = PBXGroup;
			children = (
				41891ADD1EBFC69C00CACF06 /* NotesViewController.swift */,
				41891ADF1EBFCA8A00CACF06 /* NotesCollectionViewCell.swift */,
				4128F7B91EC15EB40015097C /* EditNoteViewController.swift */,
			);
			name = Notes;
			sourceTree = "<group>";
		};
		41B926D51E6D25F900A537DE /* Availability */ = {
			isa = PBXGroup;
			children = (
				41399F8E1E5D8B93000D82B8 /* AvailabilityController.swift */,
				4112F15B1E822BF400373351 /* XAxisFormatter.swift */,
				41399F921E5D8BB6000D82B8 /* TableViewCell.swift */,
				41A989381E7CD7C200778E77 /* AvailabilityChartView.swift */,
				41399F981E5D92F1000D82B8 /* DotView.swift */,
				41B926DC1E70C3F900A537DE /* LogViewController.swift */,
				41B926ED1E70E3BB00A537DE /* LogViewCell.swift */,
			);
			name = Availability;
			sourceTree = "<group>";
		};
		41B926D71E6D316700A537DE /* Model */ = {
			isa = PBXGroup;
			children = (
				41399F881E5D70C4000D82B8 /* DataManager.swift */,
			);
			name = Model;
			sourceTree = "<group>";
		};
		41EEF5AA1E384217001DB052 = {
			isa = PBXGroup;
			children = (
				827977D31FEC688500B8D49B /* Alamofire.framework */,
				82AD975A1F6F8BB30043A00B /* DesignableX */,
				41EEF5C81E3C4F34001DB052 /* Default-568h@2x.png */,
				41EEF5B51E384217001DB052 /* TLab */,
				41EEF5B41E384217001DB052 /* Products */,
				4128F7C31EC3C8E40015097C /* Frameworks */,
				FCC8ACC174FA6746554467DB /* Pods */,
			);
			sourceTree = "<group>";
		};
		41EEF5B41E384217001DB052 /* Products */ = {
			isa = PBXGroup;
			children = (
				41EEF5B31E384217001DB052 /* TLab.app */,
			);
			name = Products;
			sourceTree = "<group>";
		};
		41EEF5B51E384217001DB052 /* TLab */ = {
			isa = PBXGroup;
			children = (
				82E874C0202E4A5E00E2E5C4 /* DesignableX */,
				820CC7AC201D3A7A001830EF /* Support */,
				41B926D81E6E610400A537DE /* RLab.entitlements */,
				41EEF5B61E384217001DB052 /* AppDelegate.swift */,
				41EEF5B81E384217001DB052 /* LoginViewController.swift */,
				82BECABA1F88259A00DF8246 /* RegistrationViewController.swift */,
				41B61AD81EE0FD56008865FF /* CustomTabBarController.swift */,
				41EEF5BA1E384217001DB052 /* Main.storyboard */,
				41EEF5BD1E384217001DB052 /* Assets.xcassets */,
				41EEF5BF1E384217001DB052 /* LaunchScreen.storyboard */,
				41EEF5C21E384217001DB052 /* Info.plist */,
				41B926D71E6D316700A537DE /* Model */,
				82734A2720353AA200576BCB /* SideReveal */,
				4184E0911E777D3900304630 /* Agile */,
				41B926D51E6D25F900A537DE /* Availability */,
				41891AD21EBFBEC300CACF06 /* Notes */,
			);
			name = TLab;
			path = RLab;
			sourceTree = "<group>";
		};
		820CC7AC201D3A7A001830EF /* Support */ = {
			isa = PBXGroup;
			children = (
				820CC7A9201D3A67001830EF /* SWRevealViewController.h */,
				820CC7AA201D3A67001830EF /* SWRevealViewController.m */,
				820CC7A8201D3A66001830EF /* TLab-Bridging-Header.h */,
			);
			name = Support;
			sourceTree = "<group>";
		};
		82734A2720353AA200576BCB /* SideReveal */ = {
			isa = PBXGroup;
			children = (
				820CC7AD201D4B55001830EF /* SideViewController.swift */,
				820CC7AF201E6D9A001830EF /* AddAstViewController.swift */,
				820CC7B1201E75EB001830EF /* AstTableViewCell.swift */,
				82E8AE94203246640053AE0B /* EditProfileViewController.swift */,
				82E8AE96203359C40053AE0B /* ConfigAssistantsViewController.swift */,
				82E8AE982033C9CE0053AE0B /* ConfigTableViewCell.swift */,
			);
			name = SideReveal;
			sourceTree = "<group>";
		};
		82E874C0202E4A5E00E2E5C4 /* DesignableX */ = {
			isa = PBXGroup;
			children = (
				82E874C1202E4A5E00E2E5C4 /* UIViewXRadialGradient.swift */,
				82E874C2202E4A5E00E2E5C4 /* UITextFieldX.swift */,
				82E874C3202E4A5E00E2E5C4 /* UIButtonX.swift */,
				82E874C4202E4A5E00E2E5C4 /* UILabelX.swift */,
				82E874C5202E4A5E00E2E5C4 /* UIViewAnchorPoint.swift */,
				82E874C6202E4A5E00E2E5C4 /* UIViewControllerX.swift */,
				82E874C7202E4A5E00E2E5C4 /* UIImageViewX.swift */,
				82E874C8202E4A5E00E2E5C4 /* UIViewX.swift */,
				82E874C9202E4A5E00E2E5C4 /* UIVisualEffectViewX.swift */,
				82E874CA202E4A5E00E2E5C4 /* UISliderX.swift */,
			);
			path = DesignableX;
			sourceTree = "<group>";
		};
		FCC8ACC174FA6746554467DB /* Pods */ = {
			isa = PBXGroup;
			children = (
				219E69AE9B1331AEC3DDB688 /* Pods-TLab.debug.xcconfig */,
				DC0CBFB0C044DB76BE1DAD88 /* Pods-TLab.release.xcconfig */,
			);
			name = Pods;
			sourceTree = "<group>";
		};
/* End PBXGroup section */

/* Begin PBXNativeTarget section */
		41EEF5B21E384217001DB052 /* TLab */ = {
			isa = PBXNativeTarget;
			buildConfigurationList = 41EEF5C51E384217001DB052 /* Build configuration list for PBXNativeTarget "TLab" */;
			buildPhases = (
				B3C1893F99C9A781DA973B90 /* [CP] Check Pods Manifest.lock */,
				41EEF5AF1E384217001DB052 /* Sources */,
				41EEF5B01E384217001DB052 /* Frameworks */,
				41EEF5B11E384217001DB052 /* Resources */,
				38269A2F44F0E48E433152C0 /* [CP] Embed Pods Frameworks */,
				FD3E740CC225AA8F4555D5D5 /* [CP] Copy Pods Resources */,
			);
			buildRules = (
			);
			dependencies = (
			);
			name = TLab;
			productName = RLab;
			productReference = 41EEF5B31E384217001DB052 /* TLab.app */;
			productType = "com.apple.product-type.application";
		};
/* End PBXNativeTarget section */

/* Begin PBXProject section */
		41EEF5AB1E384217001DB052 /* Project object */ = {
			isa = PBXProject;
			attributes = {
				LastSwiftUpdateCheck = 0820;
				LastUpgradeCheck = 0820;
				ORGANIZATIONNAME = handson;
				TargetAttributes = {
					41EEF5B21E384217001DB052 = {
						CreatedOnToolsVersion = 8.2.1;
						DevelopmentTeam = Y3BMC87S4X;
						LastSwiftMigration = 0830;
						ProvisioningStyle = Automatic;
						SystemCapabilities = {
							com.apple.Push = {
								enabled = 1;
							};
						};
					};
				};
			};
			buildConfigurationList = 41EEF5AE1E384217001DB052 /* Build configuration list for PBXProject "TLab" */;
			compatibilityVersion = "Xcode 3.2";
			developmentRegion = English;
			hasScannedForEncodings = 0;
			knownRegions = (
				en,
				Base,
			);
			mainGroup = 41EEF5AA1E384217001DB052;
			productRefGroup = 41EEF5B41E384217001DB052 /* Products */;
			projectDirPath = "";
			projectRoot = "";
			targets = (
				41EEF5B21E384217001DB052 /* TLab */,
			);
		};
/* End PBXProject section */

/* Begin PBXResourcesBuildPhase section */
		41EEF5B11E384217001DB052 /* Resources */ = {
			isa = PBXResourcesBuildPhase;
			buildActionMask = 2147483647;
			files = (
				41EEF5C11E384217001DB052 /* LaunchScreen.storyboard in Resources */,
				41EEF5C91E3C4F34001DB052 /* Default-568h@2x.png in Resources */,
				82AD975B1F6F8BB30043A00B /* DesignableX in Resources */,
				41EEF5BE1E384217001DB052 /* Assets.xcassets in Resources */,
				41EEF5BC1E384217001DB052 /* Main.storyboard in Resources */,
			);
			runOnlyForDeploymentPostprocessing = 0;
		};
/* End PBXResourcesBuildPhase section */

/* Begin PBXShellScriptBuildPhase section */
		38269A2F44F0E48E433152C0 /* [CP] Embed Pods Frameworks */ = {
			isa = PBXShellScriptBuildPhase;
			buildActionMask = 12;
			files = (
			);
			inputPaths = (
				"${SRCROOT}/Pods/Target Support Files/Pods-TLab/Pods-TLab-frameworks.sh",
				"${BUILT_PRODUCTS_DIR}/Alamofire/Alamofire.framework",
				"${BUILT_PRODUCTS_DIR}/BEMCheckBox/BEMCheckBox.framework",
				"${BUILT_PRODUCTS_DIR}/BadgeSwift/BadgeSwift.framework",
				"${BUILT_PRODUCTS_DIR}/Charts/Charts.framework",
				"${BUILT_PRODUCTS_DIR}/SwiftKeychainWrapper/SwiftKeychainWrapper.framework",
			);
			name = "[CP] Embed Pods Frameworks";
			outputPaths = (
				"${TARGET_BUILD_DIR}/${FRAMEWORKS_FOLDER_PATH}/Alamofire.framework",
				"${TARGET_BUILD_DIR}/${FRAMEWORKS_FOLDER_PATH}/BEMCheckBox.framework",
				"${TARGET_BUILD_DIR}/${FRAMEWORKS_FOLDER_PATH}/BadgeSwift.framework",
				"${TARGET_BUILD_DIR}/${FRAMEWORKS_FOLDER_PATH}/Charts.framework",
				"${TARGET_BUILD_DIR}/${FRAMEWORKS_FOLDER_PATH}/SwiftKeychainWrapper.framework",
			);
			runOnlyForDeploymentPostprocessing = 0;
			shellPath = /bin/sh;
			shellScript = "\"${SRCROOT}/Pods/Target Support Files/Pods-TLab/Pods-TLab-frameworks.sh\"\n";
			showEnvVarsInLog = 0;
		};
		B3C1893F99C9A781DA973B90 /* [CP] Check Pods Manifest.lock */ = {
			isa = PBXShellScriptBuildPhase;
			buildActionMask = 12;
			files = (
			);
			inputPaths = (
				"${PODS_PODFILE_DIR_PATH}/Podfile.lock",
				"${PODS_ROOT}/Manifest.lock",
			);
			name = "[CP] Check Pods Manifest.lock";
			outputPaths = (
				"$(DERIVED_FILE_DIR)/Pods-TLab-checkManifestLockResult.txt",
			);
			runOnlyForDeploymentPostprocessing = 0;
			shellPath = /bin/sh;
			shellScript = "diff \"${PODS_PODFILE_DIR_PATH}/Podfile.lock\" \"${PODS_ROOT}/Manifest.lock\" > /dev/null\nif [ $? != 0 ] ; then\n    # print error to STDERR\n    echo \"error: The sandbox is not in sync with the Podfile.lock. Run 'pod install' or update your CocoaPods installation.\" >&2\n    exit 1\nfi\n# This output is used by Xcode 'outputs' to avoid re-running this script phase.\necho \"SUCCESS\" > \"${SCRIPT_OUTPUT_FILE_0}\"\n";
			showEnvVarsInLog = 0;
		};
		FD3E740CC225AA8F4555D5D5 /* [CP] Copy Pods Resources */ = {
			isa = PBXShellScriptBuildPhase;
			buildActionMask = 12;
			files = (
			);
			inputPaths = (
			);
			name = "[CP] Copy Pods Resources";
			outputPaths = (
			);
			runOnlyForDeploymentPostprocessing = 0;
			shellPath = /bin/sh;
			shellScript = "\"${SRCROOT}/Pods/Target Support Files/Pods-TLab/Pods-TLab-resources.sh\"\n";
			showEnvVarsInLog = 0;
		};
/* End PBXShellScriptBuildPhase section */

/* Begin PBXSourcesBuildPhase section */
		41EEF5AF1E384217001DB052 /* Sources */ = {
			isa = PBXSourcesBuildPhase;
			buildActionMask = 2147483647;
			files = (
				4184E0981E77808200304630 /* AgileCollectionViewCell.swift in Sources */,
				41399F941E5D8BB6000D82B8 /* TableViewCell.swift in Sources */,
				41B926DD1E70C3F900A537DE /* LogViewController.swift in Sources */,
				82E874D4202E4A5E00E2E5C4 /* UISliderX.swift in Sources */,
				820CC7AB201D3A67001830EF /* SWRevealViewController.m in Sources */,
				82E874CC202E4A5E00E2E5C4 /* UITextFieldX.swift in Sources */,
				41399F991E5D92F1000D82B8 /* DotView.swift in Sources */,
				4128F7BA1EC15EB40015097C /* EditNoteViewController.swift in Sources */,
				82E874D0202E4A5E00E2E5C4 /* UIViewControllerX.swift in Sources */,
				41B926EF1E70E3BB00A537DE /* LogViewCell.swift in Sources */,
				41399F901E5D8B93000D82B8 /* AvailabilityController.swift in Sources */,
				41D952F41ECCF65E0097587E /* CreateAgileViewController.swift in Sources */,
				82E874D2202E4A5E00E2E5C4 /* UIViewX.swift in Sources */,
				41B61AD91EE0FD56008865FF /* CustomTabBarController.swift in Sources */,
				41D953131ECF627E0097587E /* ProfTableViewCell.swift in Sources */,
				41EEF5B91E384217001DB052 /* LoginViewController.swift in Sources */,
				41399F891E5D70C4000D82B8 /* DataManager.swift in Sources */,
				41D953181ED26B9A0097587E /* UpdateTableViewCell.swift in Sources */,
				41891AE11EBFCA8A00CACF06 /* NotesCollectionViewCell.swift in Sources */,
				82BECABB1F88259A00DF8246 /* RegistrationViewController.swift in Sources */,
				820CC7B2201E75EB001830EF /* AstTableViewCell.swift in Sources */,
				82E8AE97203359C40053AE0B /* ConfigAssistantsViewController.swift in Sources */,
				41EEF5B71E384217001DB052 /* AppDelegate.swift in Sources */,
				82E874CF202E4A5E00E2E5C4 /* UIViewAnchorPoint.swift in Sources */,
				82E874D3202E4A5E00E2E5C4 /* UIVisualEffectViewX.swift in Sources */,
				82E874D1202E4A5E00E2E5C4 /* UIImageViewX.swift in Sources */,
				41D953151ED260550097587E /* UpdateAgileViewController.swift in Sources */,
				82E874CD202E4A5E00E2E5C4 /* UIButtonX.swift in Sources */,
				41D953101ECCFBC80097587E /* MemberTableViewCell.swift in Sources */,
				82E8AE95203246640053AE0B /* EditProfileViewController.swift in Sources */,
				82E8AE992033C9CE0053AE0B /* ConfigTableViewCell.swift in Sources */,
				41891ADE1EBFC69C00CACF06 /* NotesViewController.swift in Sources */,
				820CC7B0201E6D9A001830EF /* AddAstViewController.swift in Sources */,
				41A989391E7CD7C200778E77 /* AvailabilityChartView.swift in Sources */,
				4112F15C1E822BF500373351 /* XAxisFormatter.swift in Sources */,
				4184E09B1E77819900304630 /* AgileViewController.swift in Sources */,
				82E874CE202E4A5E00E2E5C4 /* UILabelX.swift in Sources */,
				820CC7AE201D4B55001830EF /* SideViewController.swift in Sources */,
				82E874CB202E4A5E00E2E5C4 /* UIViewXRadialGradient.swift in Sources */,
			);
			runOnlyForDeploymentPostprocessing = 0;
		};
/* End PBXSourcesBuildPhase section */

/* Begin PBXVariantGroup section */
		41EEF5BA1E384217001DB052 /* Main.storyboard */ = {
			isa = PBXVariantGroup;
			children = (
				41EEF5BB1E384217001DB052 /* Base */,
			);
			name = Main.storyboard;
			sourceTree = "<group>";
		};
		41EEF5BF1E384217001DB052 /* LaunchScreen.storyboard */ = {
			isa = PBXVariantGroup;
			children = (
				41EEF5C01E384217001DB052 /* Base */,
			);
			name = LaunchScreen.storyboard;
			sourceTree = "<group>";
		};
/* End PBXVariantGroup section */

/* Begin XCBuildConfiguration section */
		41EEF5C31E384217001DB052 /* Debug */ = {
			isa = XCBuildConfiguration;
			buildSettings = {
				ALWAYS_SEARCH_USER_PATHS = NO;
				CLANG_ANALYZER_NONNULL = YES;
				CLANG_CXX_LANGUAGE_STANDARD = "gnu++0x";
				CLANG_CXX_LIBRARY = "libc++";
				CLANG_ENABLE_MODULES = YES;
				CLANG_ENABLE_OBJC_ARC = YES;
				CLANG_WARN_BOOL_CONVERSION = YES;
				CLANG_WARN_CONSTANT_CONVERSION = YES;
				CLANG_WARN_DIRECT_OBJC_ISA_USAGE = YES_ERROR;
				CLANG_WARN_DOCUMENTATION_COMMENTS = YES;
				CLANG_WARN_EMPTY_BODY = YES;
				CLANG_WARN_ENUM_CONVERSION = YES;
				CLANG_WARN_INFINITE_RECURSION = YES;
				CLANG_WARN_INT_CONVERSION = YES;
				CLANG_WARN_OBJC_ROOT_CLASS = YES_ERROR;
				CLANG_WARN_SUSPICIOUS_MOVE = YES;
				CLANG_WARN_UNREACHABLE_CODE = YES;
				CLANG_WARN__DUPLICATE_METHOD_MATCH = YES;
				CODE_SIGN_IDENTITY = "iPhone Distribution";
				"CODE_SIGN_IDENTITY[sdk=iphoneos*]" = "iPhone Developer";
				COPY_PHASE_STRIP = NO;
				DEBUG_INFORMATION_FORMAT = dwarf;
				ENABLE_STRICT_OBJC_MSGSEND = YES;
				ENABLE_TESTABILITY = YES;
				GCC_C_LANGUAGE_STANDARD = gnu99;
				GCC_DYNAMIC_NO_PIC = NO;
				GCC_NO_COMMON_BLOCKS = YES;
				GCC_OPTIMIZATION_LEVEL = 0;
				GCC_PREPROCESSOR_DEFINITIONS = (
					"DEBUG=1",
					"$(inherited)",
				);
				GCC_WARN_64_TO_32_BIT_CONVERSION = YES;
				GCC_WARN_ABOUT_RETURN_TYPE = YES_ERROR;
				GCC_WARN_UNDECLARED_SELECTOR = YES;
				GCC_WARN_UNINITIALIZED_AUTOS = YES_AGGRESSIVE;
				GCC_WARN_UNUSED_FUNCTION = YES;
				GCC_WARN_UNUSED_VARIABLE = YES;
				IPHONEOS_DEPLOYMENT_TARGET = 9.0;
				MTL_ENABLE_DEBUG_INFO = YES;
				ONLY_ACTIVE_ARCH = YES;
				SDKROOT = iphoneos;
				SWIFT_ACTIVE_COMPILATION_CONDITIONS = DEBUG;
				SWIFT_OPTIMIZATION_LEVEL = "-Onone";
				TARGETED_DEVICE_FAMILY = "1,2";
			};
			name = Debug;
		};
		41EEF5C41E384217001DB052 /* Release */ = {
			isa = XCBuildConfiguration;
			buildSettings = {
				ALWAYS_SEARCH_USER_PATHS = NO;
				CLANG_ANALYZER_NONNULL = YES;
				CLANG_CXX_LANGUAGE_STANDARD = "gnu++0x";
				CLANG_CXX_LIBRARY = "libc++";
				CLANG_ENABLE_MODULES = YES;
				CLANG_ENABLE_OBJC_ARC = YES;
				CLANG_WARN_BOOL_CONVERSION = YES;
				CLANG_WARN_CONSTANT_CONVERSION = YES;
				CLANG_WARN_DIRECT_OBJC_ISA_USAGE = YES_ERROR;
				CLANG_WARN_DOCUMENTATION_COMMENTS = YES;
				CLANG_WARN_EMPTY_BODY = YES;
				CLANG_WARN_ENUM_CONVERSION = YES;
				CLANG_WARN_INFINITE_RECURSION = YES;
				CLANG_WARN_INT_CONVERSION = YES;
				CLANG_WARN_OBJC_ROOT_CLASS = YES_ERROR;
				CLANG_WARN_SUSPICIOUS_MOVE = YES;
				CLANG_WARN_UNREACHABLE_CODE = YES;
				CLANG_WARN__DUPLICATE_METHOD_MATCH = YES;
				CODE_SIGN_IDENTITY = "iPhone Distribution";
				"CODE_SIGN_IDENTITY[sdk=iphoneos*]" = "iPhone Developer";
				COPY_PHASE_STRIP = NO;
				DEBUG_INFORMATION_FORMAT = "dwarf-with-dsym";
				ENABLE_NS_ASSERTIONS = NO;
				ENABLE_STRICT_OBJC_MSGSEND = YES;
				GCC_C_LANGUAGE_STANDARD = gnu99;
				GCC_NO_COMMON_BLOCKS = YES;
				GCC_WARN_64_TO_32_BIT_CONVERSION = YES;
				GCC_WARN_ABOUT_RETURN_TYPE = YES_ERROR;
				GCC_WARN_UNDECLARED_SELECTOR = YES;
				GCC_WARN_UNINITIALIZED_AUTOS = YES_AGGRESSIVE;
				GCC_WARN_UNUSED_FUNCTION = YES;
				GCC_WARN_UNUSED_VARIABLE = YES;
				IPHONEOS_DEPLOYMENT_TARGET = 9.0;
				MTL_ENABLE_DEBUG_INFO = NO;
				SDKROOT = iphoneos;
				SWIFT_OPTIMIZATION_LEVEL = "-Owholemodule";
				TARGETED_DEVICE_FAMILY = "1,2";
				VALIDATE_PRODUCT = YES;
			};
			name = Release;
		};
		41EEF5C61E384217001DB052 /* Debug */ = {
			isa = XCBuildConfiguration;
			baseConfigurationReference = 219E69AE9B1331AEC3DDB688 /* Pods-TLab.debug.xcconfig */;
			buildSettings = {
				ASSETCATALOG_COMPILER_APPICON_NAME = AppIcon;
				CLANG_ENABLE_MODULES = YES;
				CODE_SIGN_ENTITLEMENTS = RLab/RLab.entitlements;
				CODE_SIGN_IDENTITY = "iPhone Distribution";
				"CODE_SIGN_IDENTITY[sdk=iphoneos*]" = "iPhone Developer";
				DEVELOPMENT_TEAM = Y3BMC87S4X;
				INFOPLIST_FILE = RLab/Info.plist;
				IPHONEOS_DEPLOYMENT_TARGET = 9.0;
				LD_RUNPATH_SEARCH_PATHS = "$(inherited) @executable_path/Frameworks";
				PRODUCT_BUNDLE_IDENTIFIER = com.handson.odu.Tlab;
				PRODUCT_NAME = "$(TARGET_NAME)";
				SWIFT_OBJC_BRIDGING_HEADER = "RLab/TLab-Bridging-Header.h";
				SWIFT_OPTIMIZATION_LEVEL = "-Onone";
				SWIFT_VERSION = 3.0;
				TARGETED_DEVICE_FAMILY = 1;
			};
			name = Debug;
		};
		41EEF5C71E384217001DB052 /* Release */ = {
			isa = XCBuildConfiguration;
			baseConfigurationReference = DC0CBFB0C044DB76BE1DAD88 /* Pods-TLab.release.xcconfig */;
			buildSettings = {
				ASSETCATALOG_COMPILER_APPICON_NAME = AppIcon;
				CLANG_ENABLE_MODULES = YES;
				CODE_SIGN_ENTITLEMENTS = RLab/RLab.entitlements;
				CODE_SIGN_IDENTITY = "iPhone Distribution";
				"CODE_SIGN_IDENTITY[sdk=iphoneos*]" = "iPhone Developer";
				DEVELOPMENT_TEAM = Y3BMC87S4X;
				INFOPLIST_FILE = RLab/Info.plist;
				IPHONEOS_DEPLOYMENT_TARGET = 9.0;
				LD_RUNPATH_SEARCH_PATHS = "$(inherited) @executable_path/Frameworks";
				PRODUCT_BUNDLE_IDENTIFIER = com.handson.odu.Tlab;
				PRODUCT_NAME = "$(TARGET_NAME)";
				SWIFT_OBJC_BRIDGING_HEADER = "RLab/TLab-Bridging-Header.h";
				SWIFT_VERSION = 3.0;
				TARGETED_DEVICE_FAMILY = 1;
			};
			name = Release;
		};
/* End XCBuildConfiguration section */

/* Begin XCConfigurationList section */
		41EEF5AE1E384217001DB052 /* Build configuration list for PBXProject "TLab" */ = {
			isa = XCConfigurationList;
			buildConfigurations = (
				41EEF5C31E384217001DB052 /* Debug */,
				41EEF5C41E384217001DB052 /* Release */,
			);
			defaultConfigurationIsVisible = 0;
			defaultConfigurationName = Release;
		};
		41EEF5C51E384217001DB052 /* Build configuration list for PBXNativeTarget "TLab" */ = {
			isa = XCConfigurationList;
			buildConfigurations = (
				41EEF5C61E384217001DB052 /* Debug */,
				41EEF5C71E384217001DB052 /* Release */,
			);
			defaultConfigurationIsVisible = 0;
			defaultConfigurationName = Release;
		};
/* End XCConfigurationList section */
	};
	rootObject = 41EEF5AB1E384217001DB052 /* Project object */;
}
